
Microsoft Visual Studio Solution File, Format Version 12.00
# Visual Studio Version 17
VisualStudioVersion = 17.11.35312.102
MinimumVisualStudioVersion = 10.0.40219.1
Project("{FAE04EC0-301F-11D3-BF4B-00C04F79EFBC}") = "Priemgetallen", "Priemgetallen\Priemgetallen.csproj", "{47809106-FEF9-4E9E-B66E-BCADCF165AD2}"
EndProject
Global
	GlobalSection(SolutionConfigurationPlatforms) = preSolution
		Debug|Any CPU = Debug|Any CPU
		Release|Any CPU = Release|Any CPU
	EndGlobalSection
	GlobalSection(ProjectConfigurationPlatforms) = postSolution
		{47809106-FEF9-4E9E-B66E-BCADCF165AD2}.Debug|Any CPU.ActiveCfg = Debug|Any CPU
		{47809106-FEF9-4E9E-B66E-BCADCF165AD2}.Debug|Any CPU.Build.0 = Debug|Any CPU
		{47809106-FEF9-4E9E-B66E-BCADCF165AD2}.Release|Any CPU.ActiveCfg = Release|Any CPU
		{47809106-FEF9-4E9E-B66E-BCADCF165AD2}.Release|Any CPU.Build.0 = Release|Any CPU
	EndGlobalSection
	GlobalSection(SolutionProperties) = preSolution
		HideSolutionNode = FALSE
	EndGlobalSection
	GlobalSection(ExtensibilityGlobals) = postSolution
		SolutionGuid = {49AE25A9-2D39-42AC-B027-6E52B90E1D01}
	EndGlobalSection
EndGlobal
